# @generated by Moves, please check-in and do not edit manually.

[move]
version = 3
manifest_digest = "737769182225321A41C76D7068775FC334FCFB55FA38E7BB9639F7D418CF1BEF"
deps_digest = "F8BBB0CCB2491CA29A3DF03D6F92277A4F3574266507ACD77214D37ECA3F3082"
dependencies = [
  { id = "W3libs", name = "W3libs" },
]

[[move.package]]
id = "MoveStdlib"
source = { git = "https://github.com/MystenLabs/sui", rev = "mainnet", subdir = "crates\\sui-framework\\packages\\move-stdlib" }

[[move.package]]
id = "Sui"
source = { git = "https://github.com/MystenLabs/sui", rev = "mainnet", subdir = "crates/sui-framework/packages/sui-framework" }

dependencies = [
  { id = "MoveStdlib", name = "MoveStdlib" },
]

[[move.package]]
id = "W3libs"
source = { local = "..\\w3libs" }

dependencies = [
  { id = "Sui", name = "Sui" },
]

[move.toolchain-version]
compiler-version = "1.43.1"
edition = "2024"
flavor = "sui"
